
Microsoft Visual Studio Solution File, Format Version 12.00
# Visual Studio 15
VisualStudioVersion = 15.0.28010.2046
MinimumVisualStudioVersion = 10.0.40219.1
Project("{FAE04EC0-301F-11D3-BF4B-00C04F79EFBC}") = "01_Data_Types", "01_Data_Types\01_Data_Types.csproj", "{B8F15A6D-84B7-498B-9AE5-E891BE5045B5}"
EndProject
Project("{FAE04EC0-301F-11D3-BF4B-00C04F79EFBC}") = "02_If_Else", "02_If_Else\02_If_Else.csproj", "{E06744F7-343F-4E29-8BBE-98DA89C612E5}"
EndProject
Project("{FAE04EC0-301F-11D3-BF4B-00C04F79EFBC}") = "03_Switch_Case", "03_Switch_Case\03_Switch_Case.csproj", "{8B8096C0-3E97-4DDB-87A6-292AE03E83B0}"
EndProject
Project("{FAE04EC0-301F-11D3-BF4B-00C04F79EFBC}") = "LoopsChallenge", "LoopsChallenge\LoopsChallenge.csproj", "{345587FD-0892-4400-9EBF-10C353304658}"
EndProject
Project("{FAE04EC0-301F-11D3-BF4B-00C04F79EFBC}") = "04_Loops", "04_Loops\04_Loops.csproj", "{1F3373BC-D63C-43EF-AC9E-420A8598F4A9}"
EndProject
Project("{FAE04EC0-301F-11D3-BF4B-00C04F79EFBC}") = "04_Loops_Example_1", "04_Loops_Example_1\04_Loops_Example_1.csproj", "{EAA13730-0764-4BB8-9E7C-D09E93B51AF3}"
EndProject
Project("{FAE04EC0-301F-11D3-BF4B-00C04F79EFBC}") = "LoopsChallengeChallenge", "LoopsChallengeChallenge\LoopsChallengeChallenge.csproj", "{2A2ECD4C-38F4-4A91-8B13-ED7C79B23539}"
EndProject
Project("{FAE04EC0-301F-11D3-BF4B-00C04F79EFBC}") = "05_Methods", "05_Methods\05_Methods.csproj", "{2236AFFA-C3D8-4DFC-B9E6-27AE6CC846EE}"
EndProject
Project("{FAE04EC0-301F-11D3-BF4B-00C04F79EFBC}") = "06_Classes_01", "06_Classes_01\06_Classes_01.csproj", "{FF2B7CF0-37BE-4BBA-92FB-D5DBC1D67F0F}"
EndProject
Project("{FAE04EC0-301F-11D3-BF4B-00C04F79EFBC}") = "06_Classes_02", "06_Classes_02\06_Classes_02.csproj", "{68E57904-8101-4C8B-862F-BA56194FE27C}"
EndProject
Project("{FAE04EC0-301F-11D3-BF4B-00C04F79EFBC}") = "06_Classes_03", "06_Classes_03\06_Classes_03.csproj", "{69BBC3BD-1294-4988-A360-8B2B5922B1FF}"
EndProject
Project("{FAE04EC0-301F-11D3-BF4B-00C04F79EFBC}") = "07_Collections_Lists", "07_Collections_Lists\07_Collections_Lists.csproj", "{1A374365-CA93-4FEF-B913-C725F36D2779}"
EndProject
Project("{FAE04EC0-301F-11D3-BF4B-00C04F79EFBC}") = "07_Collections_List_Example", "07_Collections_List_Example\07_Collections_List_Example.csproj", "{3C83B3B8-C2E2-4956-B787-2F7C48F2F377}"
EndProject
Project("{FAE04EC0-301F-11D3-BF4B-00C04F79EFBC}") = "07_Collections_Lists_Challenge", "07_Collections_Lists_Challenge\07_Collections_Lists_Challenge.csproj", "{1D99CD97-8D92-41B3-82DE-8578ECBC4D0F}"
EndProject
Project("{FAE04EC0-301F-11D3-BF4B-00C04F79EFBC}") = "08_Repository_Pattern", "08_Repository_Pattern\08_Repository_Pattern.csproj", "{9A98F2C2-6605-43AA-BFA3-1DDDAD66EC84}"
EndProject
Project("{FAE04EC0-301F-11D3-BF4B-00C04F79EFBC}") = "08_Repository_Pattern_Tests", "08_Repository_Pattern_Tests\08_Repository_Pattern_Tests.csproj", "{01D0EAB7-3B16-4401-8DD9-11C469C91D7D}"
EndProject
Global
	GlobalSection(SolutionConfigurationPlatforms) = preSolution
		Debug|Any CPU = Debug|Any CPU
		Release|Any CPU = Release|Any CPU
	EndGlobalSection
	GlobalSection(ProjectConfigurationPlatforms) = postSolution
		{B8F15A6D-84B7-498B-9AE5-E891BE5045B5}.Debug|Any CPU.ActiveCfg = Debug|Any CPU
		{B8F15A6D-84B7-498B-9AE5-E891BE5045B5}.Debug|Any CPU.Build.0 = Debug|Any CPU
		{B8F15A6D-84B7-498B-9AE5-E891BE5045B5}.Release|Any CPU.ActiveCfg = Release|Any CPU
		{B8F15A6D-84B7-498B-9AE5-E891BE5045B5}.Release|Any CPU.Build.0 = Release|Any CPU
		{E06744F7-343F-4E29-8BBE-98DA89C612E5}.Debug|Any CPU.ActiveCfg = Debug|Any CPU
		{E06744F7-343F-4E29-8BBE-98DA89C612E5}.Debug|Any CPU.Build.0 = Debug|Any CPU
		{E06744F7-343F-4E29-8BBE-98DA89C612E5}.Release|Any CPU.ActiveCfg = Release|Any CPU
		{E06744F7-343F-4E29-8BBE-98DA89C612E5}.Release|Any CPU.Build.0 = Release|Any CPU
		{8B8096C0-3E97-4DDB-87A6-292AE03E83B0}.Debug|Any CPU.ActiveCfg = Debug|Any CPU
		{8B8096C0-3E97-4DDB-87A6-292AE03E83B0}.Debug|Any CPU.Build.0 = Debug|Any CPU
		{8B8096C0-3E97-4DDB-87A6-292AE03E83B0}.Release|Any CPU.ActiveCfg = Release|Any CPU
		{8B8096C0-3E97-4DDB-87A6-292AE03E83B0}.Release|Any CPU.Build.0 = Release|Any CPU
		{345587FD-0892-4400-9EBF-10C353304658}.Debug|Any CPU.ActiveCfg = Debug|Any CPU
		{345587FD-0892-4400-9EBF-10C353304658}.Debug|Any CPU.Build.0 = Debug|Any CPU
		{345587FD-0892-4400-9EBF-10C353304658}.Release|Any CPU.ActiveCfg = Release|Any CPU
		{345587FD-0892-4400-9EBF-10C353304658}.Release|Any CPU.Build.0 = Release|Any CPU
		{1F3373BC-D63C-43EF-AC9E-420A8598F4A9}.Debug|Any CPU.ActiveCfg = Debug|Any CPU
		{1F3373BC-D63C-43EF-AC9E-420A8598F4A9}.Debug|Any CPU.Build.0 = Debug|Any CPU
		{1F3373BC-D63C-43EF-AC9E-420A8598F4A9}.Release|Any CPU.ActiveCfg = Release|Any CPU
		{1F3373BC-D63C-43EF-AC9E-420A8598F4A9}.Release|Any CPU.Build.0 = Release|Any CPU
		{EAA13730-0764-4BB8-9E7C-D09E93B51AF3}.Debug|Any CPU.ActiveCfg = Debug|Any CPU
		{EAA13730-0764-4BB8-9E7C-D09E93B51AF3}.Debug|Any CPU.Build.0 = Debug|Any CPU
		{EAA13730-0764-4BB8-9E7C-D09E93B51AF3}.Release|Any CPU.ActiveCfg = Release|Any CPU
		{EAA13730-0764-4BB8-9E7C-D09E93B51AF3}.Release|Any CPU.Build.0 = Release|Any CPU
		{2A2ECD4C-38F4-4A91-8B13-ED7C79B23539}.Debug|Any CPU.ActiveCfg = Debug|Any CPU
		{2A2ECD4C-38F4-4A91-8B13-ED7C79B23539}.Debug|Any CPU.Build.0 = Debug|Any CPU
		{2A2ECD4C-38F4-4A91-8B13-ED7C79B23539}.Release|Any CPU.ActiveCfg = Release|Any CPU
		{2A2ECD4C-38F4-4A91-8B13-ED7C79B23539}.Release|Any CPU.Build.0 = Release|Any CPU
		{2236AFFA-C3D8-4DFC-B9E6-27AE6CC846EE}.Debug|Any CPU.ActiveCfg = Debug|Any CPU
		{2236AFFA-C3D8-4DFC-B9E6-27AE6CC846EE}.Debug|Any CPU.Build.0 = Debug|Any CPU
		{2236AFFA-C3D8-4DFC-B9E6-27AE6CC846EE}.Release|Any CPU.ActiveCfg = Release|Any CPU
		{2236AFFA-C3D8-4DFC-B9E6-27AE6CC846EE}.Release|Any CPU.Build.0 = Release|Any CPU
		{FF2B7CF0-37BE-4BBA-92FB-D5DBC1D67F0F}.Debug|Any CPU.ActiveCfg = Debug|Any CPU
		{FF2B7CF0-37BE-4BBA-92FB-D5DBC1D67F0F}.Debug|Any CPU.Build.0 = Debug|Any CPU
		{FF2B7CF0-37BE-4BBA-92FB-D5DBC1D67F0F}.Release|Any CPU.ActiveCfg = Release|Any CPU
		{FF2B7CF0-37BE-4BBA-92FB-D5DBC1D67F0F}.Release|Any CPU.Build.0 = Release|Any CPU
		{68E57904-8101-4C8B-862F-BA56194FE27C}.Debug|Any CPU.ActiveCfg = Debug|Any CPU
		{68E57904-8101-4C8B-862F-BA56194FE27C}.Debug|Any CPU.Build.0 = Debug|Any CPU
		{68E57904-8101-4C8B-862F-BA56194FE27C}.Release|Any CPU.ActiveCfg = Release|Any CPU
		{68E57904-8101-4C8B-862F-BA56194FE27C}.Release|Any CPU.Build.0 = Release|Any CPU
		{69BBC3BD-1294-4988-A360-8B2B5922B1FF}.Debug|Any CPU.ActiveCfg = Debug|Any CPU
		{69BBC3BD-1294-4988-A360-8B2B5922B1FF}.Debug|Any CPU.Build.0 = Debug|Any CPU
		{69BBC3BD-1294-4988-A360-8B2B5922B1FF}.Release|Any CPU.ActiveCfg = Release|Any CPU
		{69BBC3BD-1294-4988-A360-8B2B5922B1FF}.Release|Any CPU.Build.0 = Release|Any CPU
		{1A374365-CA93-4FEF-B913-C725F36D2779}.Debug|Any CPU.ActiveCfg = Debug|Any CPU
		{1A374365-CA93-4FEF-B913-C725F36D2779}.Debug|Any CPU.Build.0 = Debug|Any CPU
		{1A374365-CA93-4FEF-B913-C725F36D2779}.Release|Any CPU.ActiveCfg = Release|Any CPU
		{1A374365-CA93-4FEF-B913-C725F36D2779}.Release|Any CPU.Build.0 = Release|Any CPU
		{3C83B3B8-C2E2-4956-B787-2F7C48F2F377}.Debug|Any CPU.ActiveCfg = Debug|Any CPU
		{3C83B3B8-C2E2-4956-B787-2F7C48F2F377}.Debug|Any CPU.Build.0 = Debug|Any CPU
		{3C83B3B8-C2E2-4956-B787-2F7C48F2F377}.Release|Any CPU.ActiveCfg = Release|Any CPU
		{3C83B3B8-C2E2-4956-B787-2F7C48F2F377}.Release|Any CPU.Build.0 = Release|Any CPU
		{1D99CD97-8D92-41B3-82DE-8578ECBC4D0F}.Debug|Any CPU.ActiveCfg = Debug|Any CPU
		{1D99CD97-8D92-41B3-82DE-8578ECBC4D0F}.Debug|Any CPU.Build.0 = Debug|Any CPU
		{1D99CD97-8D92-41B3-82DE-8578ECBC4D0F}.Release|Any CPU.ActiveCfg = Release|Any CPU
		{1D99CD97-8D92-41B3-82DE-8578ECBC4D0F}.Release|Any CPU.Build.0 = Release|Any CPU
		{9A98F2C2-6605-43AA-BFA3-1DDDAD66EC84}.Debug|Any CPU.ActiveCfg = Debug|Any CPU
		{9A98F2C2-6605-43AA-BFA3-1DDDAD66EC84}.Debug|Any CPU.Build.0 = Debug|Any CPU
		{9A98F2C2-6605-43AA-BFA3-1DDDAD66EC84}.Release|Any CPU.ActiveCfg = Release|Any CPU
		{9A98F2C2-6605-43AA-BFA3-1DDDAD66EC84}.Release|Any CPU.Build.0 = Release|Any CPU
		{01D0EAB7-3B16-4401-8DD9-11C469C91D7D}.Debug|Any CPU.ActiveCfg = Debug|Any CPU
		{01D0EAB7-3B16-4401-8DD9-11C469C91D7D}.Debug|Any CPU.Build.0 = Debug|Any CPU
		{01D0EAB7-3B16-4401-8DD9-11C469C91D7D}.Release|Any CPU.ActiveCfg = Release|Any CPU
		{01D0EAB7-3B16-4401-8DD9-11C469C91D7D}.Release|Any CPU.Build.0 = Release|Any CPU
	EndGlobalSection
	GlobalSection(SolutionProperties) = preSolution
		HideSolutionNode = FALSE
	EndGlobalSection
	GlobalSection(ExtensibilityGlobals) = postSolution
		SolutionGuid = {C5160B16-605A-4538-92A4-2D92E5D2B4B0}
	EndGlobalSection
EndGlobal
